// !$*UTF8*$!
{
	archiveVersion = 1;
	classes = {
	};
	objectVersion = 56;
	objects = {

/* Begin PBXBuildFile section */
		71128C75291AF22000E0A70E /* UserDefaults + App.swift in Sources */ = {isa = PBXBuildFile; fileRef = 71128C74291AF22000E0A70E /* UserDefaults + App.swift */; };
		71128C78291B103100E0A70E /* HabitModel.xcdatamodeld in Sources */ = {isa = PBXBuildFile; fileRef = 71128C76291B103100E0A70E /* HabitModel.xcdatamodeld */; };
		71128C9D291B2B9D00E0A70E /* CoreDataManager.swift in Sources */ = {isa = PBXBuildFile; fileRef = 71128C9C291B2B9D00E0A70E /* CoreDataManager.swift */; };
		717E785C2911A98700F6155B /* BadHabitsViewController.swift in Sources */ = {isa = PBXBuildFile; fileRef = 717E785B2911A98700F6155B /* BadHabitsViewController.swift */; };
		717E78602911AAE000F6155B /* ProfileEditViewController.swift in Sources */ = {isa = PBXBuildFile; fileRef = 717E785F2911AAE000F6155B /* ProfileEditViewController.swift */; };
		71A5426F2913001100337658 /* ScrollView.swift in Sources */ = {isa = PBXBuildFile; fileRef = 71A5426E2913001100337658 /* ScrollView.swift */; };
		71A54271291351AD00337658 /* Date.swift in Sources */ = {isa = PBXBuildFile; fileRef = 71A54270291351AD00337658 /* Date.swift */; };
		71AC1C8629199B2C00220D31 /* Habit.swift in Sources */ = {isa = PBXBuildFile; fileRef = 71AC1C8529199B2C00220D31 /* Habit.swift */; };
		71AC1C8829199F2C00220D31 /* SelectBadHabitViewController.swift in Sources */ = {isa = PBXBuildFile; fileRef = 71AC1C8729199F2C00220D31 /* SelectBadHabitViewController.swift */; };
		71AC1C8A2919B0BF00220D31 /* NewBadHabitTableViewCell.swift in Sources */ = {isa = PBXBuildFile; fileRef = 71AC1C892919B0BF00220D31 /* NewBadHabitTableViewCell.swift */; };
		71E7AFBB2911BA14006A9FAC /* UIColor + Hex.swift in Sources */ = {isa = PBXBuildFile; fileRef = 71E7AFBA2911BA14006A9FAC /* UIColor + Hex.swift */; };
		71E7AFBD2911BAB0006A9FAC /* UIColor + Colors.swift in Sources */ = {isa = PBXBuildFile; fileRef = 71E7AFBC2911BAB0006A9FAC /* UIColor + Colors.swift */; };
		71E7AFBF2911BAD3006A9FAC /* UIColor + Creator.swift in Sources */ = {isa = PBXBuildFile; fileRef = 71E7AFBE2911BAD3006A9FAC /* UIColor + Creator.swift */; };
		71E7AFC12911BF0D006A9FAC /* Mock.swift in Sources */ = {isa = PBXBuildFile; fileRef = 71E7AFC02911BF0D006A9FAC /* Mock.swift */; };
		71E7AFC52911C16B006A9FAC /* BadHabitTableViewCell.swift in Sources */ = {isa = PBXBuildFile; fileRef = 71E7AFC42911C16B006A9FAC /* BadHabitTableViewCell.swift */; };
		71E7AFC72911C1B5006A9FAC /* ClassIdentifiable.swift in Sources */ = {isa = PBXBuildFile; fileRef = 71E7AFC62911C1B5006A9FAC /* ClassIdentifiable.swift */; };
		71E7AFC92911C63E006A9FAC /* UIView + AddSubviews.swift in Sources */ = {isa = PBXBuildFile; fileRef = 71E7AFC82911C63E006A9FAC /* UIView + AddSubviews.swift */; };
		71E7AFCB2911D999006A9FAC /* CALayer + Shadow.swift in Sources */ = {isa = PBXBuildFile; fileRef = 71E7AFCA2911D999006A9FAC /* CALayer + Shadow.swift */; };
		71F312D429118FA50032E880 /* AppDelegate.swift in Sources */ = {isa = PBXBuildFile; fileRef = 71F312D329118FA50032E880 /* AppDelegate.swift */; };
		71F312D629118FA50032E880 /* SceneDelegate.swift in Sources */ = {isa = PBXBuildFile; fileRef = 71F312D529118FA50032E880 /* SceneDelegate.swift */; };
		71F312D829118FA50032E880 /* MainTabBarViewController.swift in Sources */ = {isa = PBXBuildFile; fileRef = 71F312D729118FA50032E880 /* MainTabBarViewController.swift */; };
		71F312DE29118FA50032E880 /* Doodze.xcdatamodeld in Sources */ = {isa = PBXBuildFile; fileRef = 71F312DC29118FA50032E880 /* Doodze.xcdatamodeld */; };
		71F312E029118FA70032E880 /* Assets.xcassets in Resources */ = {isa = PBXBuildFile; fileRef = 71F312DF29118FA70032E880 /* Assets.xcassets */; };
		71F312E329118FA70032E880 /* LaunchScreen.storyboard in Resources */ = {isa = PBXBuildFile; fileRef = 71F312E129118FA70032E880 /* LaunchScreen.storyboard */; };
		A47F019F4872BE5AB4781A57 /* Pods_Doodze.framework in Frameworks */ = {isa = PBXBuildFile; fileRef = FA23A25EB8AE114B1D4CAED8 /* Pods_Doodze.framework */; };
/* End PBXBuildFile section */

/* Begin PBXFileReference section */
		71128C74291AF22000E0A70E /* UserDefaults + App.swift */ = {isa = PBXFileReference; lastKnownFileType = sourcecode.swift; path = "UserDefaults + App.swift"; sourceTree = "<group>"; };
		71128C77291B103100E0A70E /* CoreDataModel.xcdatamodel */ = {isa = PBXFileReference; lastKnownFileType = wrapper.xcdatamodel; path = CoreDataModel.xcdatamodel; sourceTree = "<group>"; };
		71128C9C291B2B9D00E0A70E /* CoreDataManager.swift */ = {isa = PBXFileReference; lastKnownFileType = sourcecode.swift; path = CoreDataManager.swift; sourceTree = "<group>"; };
		717E785B2911A98700F6155B /* BadHabitsViewController.swift */ = {isa = PBXFileReference; lastKnownFileType = sourcecode.swift; path = BadHabitsViewController.swift; sourceTree = "<group>"; };
		717E785F2911AAE000F6155B /* ProfileEditViewController.swift */ = {isa = PBXFileReference; lastKnownFileType = sourcecode.swift; path = ProfileEditViewController.swift; sourceTree = "<group>"; };
		71A5426E2913001100337658 /* ScrollView.swift */ = {isa = PBXFileReference; lastKnownFileType = sourcecode.swift; path = ScrollView.swift; sourceTree = "<group>"; };
		71A54270291351AD00337658 /* Date.swift */ = {isa = PBXFileReference; lastKnownFileType = sourcecode.swift; path = Date.swift; sourceTree = "<group>"; };
		71AC1C8529199B2C00220D31 /* Habit.swift */ = {isa = PBXFileReference; lastKnownFileType = sourcecode.swift; path = Habit.swift; sourceTree = "<group>"; };
		71AC1C8729199F2C00220D31 /* SelectBadHabitViewController.swift */ = {isa = PBXFileReference; lastKnownFileType = sourcecode.swift; path = SelectBadHabitViewController.swift; sourceTree = "<group>"; };
		71AC1C892919B0BF00220D31 /* NewBadHabitTableViewCell.swift */ = {isa = PBXFileReference; lastKnownFileType = sourcecode.swift; path = NewBadHabitTableViewCell.swift; sourceTree = "<group>"; };
		71E7AFBA2911BA14006A9FAC /* UIColor + Hex.swift */ = {isa = PBXFileReference; lastKnownFileType = sourcecode.swift; path = "UIColor + Hex.swift"; sourceTree = "<group>"; };
		71E7AFBC2911BAB0006A9FAC /* UIColor + Colors.swift */ = {isa = PBXFileReference; lastKnownFileType = sourcecode.swift; path = "UIColor + Colors.swift"; sourceTree = "<group>"; };
		71E7AFBE2911BAD3006A9FAC /* UIColor + Creator.swift */ = {isa = PBXFileReference; lastKnownFileType = sourcecode.swift; path = "UIColor + Creator.swift"; sourceTree = "<group>"; };
		71E7AFC02911BF0D006A9FAC /* Mock.swift */ = {isa = PBXFileReference; lastKnownFileType = sourcecode.swift; path = Mock.swift; sourceTree = "<group>"; };
		71E7AFC42911C16B006A9FAC /* BadHabitTableViewCell.swift */ = {isa = PBXFileReference; lastKnownFileType = sourcecode.swift; path = BadHabitTableViewCell.swift; sourceTree = "<group>"; };
		71E7AFC62911C1B5006A9FAC /* ClassIdentifiable.swift */ = {isa = PBXFileReference; lastKnownFileType = sourcecode.swift; path = ClassIdentifiable.swift; sourceTree = "<group>"; };
		71E7AFC82911C63E006A9FAC /* UIView + AddSubviews.swift */ = {isa = PBXFileReference; lastKnownFileType = sourcecode.swift; path = "UIView + AddSubviews.swift"; sourceTree = "<group>"; };
		71E7AFCA2911D999006A9FAC /* CALayer + Shadow.swift */ = {isa = PBXFileReference; lastKnownFileType = sourcecode.swift; path = "CALayer + Shadow.swift"; sourceTree = "<group>"; };
		71F312D029118FA50032E880 /* Doodze.app */ = {isa = PBXFileReference; explicitFileType = wrapper.application; includeInIndex = 0; path = Doodze.app; sourceTree = BUILT_PRODUCTS_DIR; };
		71F312D329118FA50032E880 /* AppDelegate.swift */ = {isa = PBXFileReference; lastKnownFileType = sourcecode.swift; path = AppDelegate.swift; sourceTree = "<group>"; };
		71F312D529118FA50032E880 /* SceneDelegate.swift */ = {isa = PBXFileReference; lastKnownFileType = sourcecode.swift; path = SceneDelegate.swift; sourceTree = "<group>"; };
		71F312D729118FA50032E880 /* MainTabBarViewController.swift */ = {isa = PBXFileReference; lastKnownFileType = sourcecode.swift; path = MainTabBarViewController.swift; sourceTree = "<group>"; };
		71F312DD29118FA50032E880 /* Doodze.xcdatamodel */ = {isa = PBXFileReference; lastKnownFileType = wrapper.xcdatamodel; path = Doodze.xcdatamodel; sourceTree = "<group>"; };
		71F312DF29118FA70032E880 /* Assets.xcassets */ = {isa = PBXFileReference; lastKnownFileType = folder.assetcatalog; path = Assets.xcassets; sourceTree = "<group>"; };
		71F312E229118FA70032E880 /* Base */ = {isa = PBXFileReference; lastKnownFileType = file.storyboard; name = Base; path = Base.lproj/LaunchScreen.storyboard; sourceTree = "<group>"; };
		71F312E429118FA70032E880 /* Info.plist */ = {isa = PBXFileReference; lastKnownFileType = text.plist.xml; path = Info.plist; sourceTree = "<group>"; };
		B5CAA68A3E506E2051CFC942 /* Pods-Doodze.debug.xcconfig */ = {isa = PBXFileReference; includeInIndex = 1; lastKnownFileType = text.xcconfig; name = "Pods-Doodze.debug.xcconfig"; path = "Target Support Files/Pods-Doodze/Pods-Doodze.debug.xcconfig"; sourceTree = "<group>"; };
		CC8CBBD79751E20461CB50C7 /* Pods-Doodze.release.xcconfig */ = {isa = PBXFileReference; includeInIndex = 1; lastKnownFileType = text.xcconfig; name = "Pods-Doodze.release.xcconfig"; path = "Target Support Files/Pods-Doodze/Pods-Doodze.release.xcconfig"; sourceTree = "<group>"; };
		FA23A25EB8AE114B1D4CAED8 /* Pods_Doodze.framework */ = {isa = PBXFileReference; explicitFileType = wrapper.framework; includeInIndex = 0; path = Pods_Doodze.framework; sourceTree = BUILT_PRODUCTS_DIR; };
/* End PBXFileReference section */

/* Begin PBXFrameworksBuildPhase section */
		71F312CD29118FA50032E880 /* Frameworks */ = {
			isa = PBXFrameworksBuildPhase;
			buildActionMask = 2147483647;
			files = (
				A47F019F4872BE5AB4781A57 /* Pods_Doodze.framework in Frameworks */,
			);
			runOnlyForDeploymentPostprocessing = 0;
		};
/* End PBXFrameworksBuildPhase section */

/* Begin PBXGroup section */
		3F46C9A6AB0DD7BDE3D6531C /* Pods */ = {
			isa = PBXGroup;
			children = (
				B5CAA68A3E506E2051CFC942 /* Pods-Doodze.debug.xcconfig */,
				CC8CBBD79751E20461CB50C7 /* Pods-Doodze.release.xcconfig */,
			);
			path = Pods;
			sourceTree = "<group>";
		};
		71F312C729118FA50032E880 = {
			isa = PBXGroup;
			children = (
				71F312D229118FA50032E880 /* Doodze */,
				71F312D129118FA50032E880 /* Products */,
				3F46C9A6AB0DD7BDE3D6531C /* Pods */,
				83C2478011D8666500985B04 /* Frameworks */,
			);
			sourceTree = "<group>";
		};
		71F312D129118FA50032E880 /* Products */ = {
			isa = PBXGroup;
			children = (
				71F312D029118FA50032E880 /* Doodze.app */,
			);
			name = Products;
			sourceTree = "<group>";
		};
		71F312D229118FA50032E880 /* Doodze */ = {
			isa = PBXGroup;
			children = (
				71F312EA291190570032E880 /* Supporting Files */,
				71F312F0291190A10032E880 /* Models */,
				71F312EC2911906F0032E880 /* ViewControllers */,
				71F312EF291190870032E880 /* ViewModels */,
				71F312ED291190770032E880 /* Views */,
				71F312E429118FA70032E880 /* Info.plist */,
				71F312DC29118FA50032E880 /* Doodze.xcdatamodeld */,
			);
			path = Doodze;
			sourceTree = "<group>";
		};
		71F312EA291190570032E880 /* Supporting Files */ = {
			isa = PBXGroup;
			children = (
				71128C76291B103100E0A70E /* HabitModel.xcdatamodeld */,
				71F312D329118FA50032E880 /* AppDelegate.swift */,
				71F312D529118FA50032E880 /* SceneDelegate.swift */,
				71F312DF29118FA70032E880 /* Assets.xcassets */,
				71F312E129118FA70032E880 /* LaunchScreen.storyboard */,
				71F312EB291190640032E880 /* Extensions */,
			);
			path = "Supporting Files";
			sourceTree = "<group>";
		};
		71F312EB291190640032E880 /* Extensions */ = {
			isa = PBXGroup;
			children = (
				71E7AFBA2911BA14006A9FAC /* UIColor + Hex.swift */,
				71E7AFBE2911BAD3006A9FAC /* UIColor + Creator.swift */,
				71E7AFBC2911BAB0006A9FAC /* UIColor + Colors.swift */,
				71E7AFC82911C63E006A9FAC /* UIView + AddSubviews.swift */,
				71E7AFCA2911D999006A9FAC /* CALayer + Shadow.swift */,
				71E7AFC62911C1B5006A9FAC /* ClassIdentifiable.swift */,
				71A5426E2913001100337658 /* ScrollView.swift */,
				71A54270291351AD00337658 /* Date.swift */,
				71128C74291AF22000E0A70E /* UserDefaults + App.swift */,
				71128C9C291B2B9D00E0A70E /* CoreDataManager.swift */,
			);
			path = Extensions;
			sourceTree = "<group>";
		};
		71F312EC2911906F0032E880 /* ViewControllers */ = {
			isa = PBXGroup;
			children = (
				71F312D729118FA50032E880 /* MainTabBarViewController.swift */,
				717E785B2911A98700F6155B /* BadHabitsViewController.swift */,
				717E785F2911AAE000F6155B /* ProfileEditViewController.swift */,
				71AC1C8729199F2C00220D31 /* SelectBadHabitViewController.swift */,
			);
			path = ViewControllers;
			sourceTree = "<group>";
		};
		71F312ED291190770032E880 /* Views */ = {
			isa = PBXGroup;
			children = (
				71F312EE2911907D0032E880 /* Cells */,
			);
			path = Views;
			sourceTree = "<group>";
		};
		71F312EE2911907D0032E880 /* Cells */ = {
			isa = PBXGroup;
			children = (
				71E7AFC42911C16B006A9FAC /* BadHabitTableViewCell.swift */,
				71AC1C892919B0BF00220D31 /* NewBadHabitTableViewCell.swift */,
			);
			path = Cells;
			sourceTree = "<group>";
		};
		71F312EF291190870032E880 /* ViewModels */ = {
			isa = PBXGroup;
			children = (
			);
			path = ViewModels;
			sourceTree = "<group>";
		};
		71F312F0291190A10032E880 /* Models */ = {
			isa = PBXGroup;
			children = (
				71E7AFC02911BF0D006A9FAC /* Mock.swift */,
				71AC1C8529199B2C00220D31 /* Habit.swift */,
			);
			path = Models;
			sourceTree = "<group>";
		};
		83C2478011D8666500985B04 /* Frameworks */ = {
			isa = PBXGroup;
			children = (
				FA23A25EB8AE114B1D4CAED8 /* Pods_Doodze.framework */,
			);
			name = Frameworks;
			sourceTree = "<group>";
		};
/* End PBXGroup section */

/* Begin PBXNativeTarget section */
		71F312CF29118FA50032E880 /* Doodze */ = {
			isa = PBXNativeTarget;
			buildConfigurationList = 71F312E729118FA70032E880 /* Build configuration list for PBXNativeTarget "Doodze" */;
			buildPhases = (
				DADF1B097275DCF77BB84CFB /* [CP] Check Pods Manifest.lock */,
				71F312CC29118FA50032E880 /* Sources */,
				71F312CD29118FA50032E880 /* Frameworks */,
				71F312CE29118FA50032E880 /* Resources */,
				984EF2AFB01A87AA4424F7D1 /* [CP] Embed Pods Frameworks */,
			);
			buildRules = (
			);
			dependencies = (
			);
			name = Doodze;
			productName = Doodze;
			productReference = 71F312D029118FA50032E880 /* Doodze.app */;
			productType = "com.apple.product-type.application";
		};
/* End PBXNativeTarget section */

/* Begin PBXProject section */
		71F312C829118FA50032E880 /* Project object */ = {
			isa = PBXProject;
			attributes = {
				BuildIndependentTargetsInParallel = 1;
				LastSwiftUpdateCheck = 1400;
				LastUpgradeCheck = 1400;
				TargetAttributes = {
					71F312CF29118FA50032E880 = {
						CreatedOnToolsVersion = 14.0.1;
					};
				};
			};
			buildConfigurationList = 71F312CB29118FA50032E880 /* Build configuration list for PBXProject "Doodze" */;
			compatibilityVersion = "Xcode 14.0";
			developmentRegion = en;
			hasScannedForEncodings = 0;
			knownRegions = (
				en,
				Base,
			);
			mainGroup = 71F312C729118FA50032E880;
			productRefGroup = 71F312D129118FA50032E880 /* Products */;
			projectDirPath = "";
			projectRoot = "";
			targets = (
				71F312CF29118FA50032E880 /* Doodze */,
			);
		};
/* End PBXProject section */

/* Begin PBXResourcesBuildPhase section */
		71F312CE29118FA50032E880 /* Resources */ = {
			isa = PBXResourcesBuildPhase;
			buildActionMask = 2147483647;
			files = (
				71F312E329118FA70032E880 /* LaunchScreen.storyboard in Resources */,
				71F312E029118FA70032E880 /* Assets.xcassets in Resources */,
			);
			runOnlyForDeploymentPostprocessing = 0;
		};
/* End PBXResourcesBuildPhase section */

/* Begin PBXShellScriptBuildPhase section */
		984EF2AFB01A87AA4424F7D1 /* [CP] Embed Pods Frameworks */ = {
			isa = PBXShellScriptBuildPhase;
			buildActionMask = 2147483647;
			files = (
			);
			inputFileListPaths = (
				"${PODS_ROOT}/Target Support Files/Pods-Doodze/Pods-Doodze-frameworks-${CONFIGURATION}-input-files.xcfilelist",
			);
			name = "[CP] Embed Pods Frameworks";
			outputFileListPaths = (
				"${PODS_ROOT}/Target Support Files/Pods-Doodze/Pods-Doodze-frameworks-${CONFIGURATION}-output-files.xcfilelist",
			);
			runOnlyForDeploymentPostprocessing = 0;
			shellPath = /bin/sh;
			shellScript = "\"${PODS_ROOT}/Target Support Files/Pods-Doodze/Pods-Doodze-frameworks.sh\"\n";
			showEnvVarsInLog = 0;
		};
		DADF1B097275DCF77BB84CFB /* [CP] Check Pods Manifest.lock */ = {
			isa = PBXShellScriptBuildPhase;
			buildActionMask = 2147483647;
			files = (
			);
			inputFileListPaths = (
			);
			inputPaths = (
				"${PODS_PODFILE_DIR_PATH}/Podfile.lock",
				"${PODS_ROOT}/Manifest.lock",
			);
			name = "[CP] Check Pods Manifest.lock";
			outputFileListPaths = (
			);
			outputPaths = (
				"$(DERIVED_FILE_DIR)/Pods-Doodze-checkManifestLockResult.txt",
			);
			runOnlyForDeploymentPostprocessing = 0;
			shellPath = /bin/sh;
			shellScript = "diff \"${PODS_PODFILE_DIR_PATH}/Podfile.lock\" \"${PODS_ROOT}/Manifest.lock\" > /dev/null\nif [ $? != 0 ] ; then\n    # print error to STDERR\n    echo \"error: The sandbox is not in sync with the Podfile.lock. Run 'pod install' or update your CocoaPods installation.\" >&2\n    exit 1\nfi\n# This output is used by Xcode 'outputs' to avoid re-running this script phase.\necho \"SUCCESS\" > \"${SCRIPT_OUTPUT_FILE_0}\"\n";
			showEnvVarsInLog = 0;
		};
/* End PBXShellScriptBuildPhase section */

/* Begin PBXSourcesBuildPhase section */
		71F312CC29118FA50032E880 /* Sources */ = {
			isa = PBXSourcesBuildPhase;
			buildActionMask = 2147483647;
			files = (
				717E785C2911A98700F6155B /* BadHabitsViewController.swift in Sources */,
				71E7AFBD2911BAB0006A9FAC /* UIColor + Colors.swift in Sources */,
				71128C78291B103100E0A70E /* HabitModel.xcdatamodeld in Sources */,
				71E7AFC72911C1B5006A9FAC /* ClassIdentifiable.swift in Sources */,
				71E7AFCB2911D999006A9FAC /* CALayer + Shadow.swift in Sources */,
				71E7AFC52911C16B006A9FAC /* BadHabitTableViewCell.swift in Sources */,
				71AC1C8829199F2C00220D31 /* SelectBadHabitViewController.swift in Sources */,
				71128C9D291B2B9D00E0A70E /* CoreDataManager.swift in Sources */,
				71128C75291AF22000E0A70E /* UserDefaults + App.swift in Sources */,
				71F312DE29118FA50032E880 /* Doodze.xcdatamodeld in Sources */,
				71E7AFC92911C63E006A9FAC /* UIView + AddSubviews.swift in Sources */,
				71F312D829118FA50032E880 /* MainTabBarViewController.swift in Sources */,
				71AC1C8629199B2C00220D31 /* Habit.swift in Sources */,
				71E7AFBB2911BA14006A9FAC /* UIColor + Hex.swift in Sources */,
				71F312D429118FA50032E880 /* AppDelegate.swift in Sources */,
				71E7AFBF2911BAD3006A9FAC /* UIColor + Creator.swift in Sources */,
				71E7AFC12911BF0D006A9FAC /* Mock.swift in Sources */,
				71F312D629118FA50032E880 /* SceneDelegate.swift in Sources */,
				717E78602911AAE000F6155B /* ProfileEditViewController.swift in Sources */,
				71AC1C8A2919B0BF00220D31 /* NewBadHabitTableViewCell.swift in Sources */,
				71A54271291351AD00337658 /* Date.swift in Sources */,
				71A5426F2913001100337658 /* ScrollView.swift in Sources */,
			);
			runOnlyForDeploymentPostprocessing = 0;
		};
/* End PBXSourcesBuildPhase section */

/* Begin PBXVariantGroup section */
		71F312E129118FA70032E880 /* LaunchScreen.storyboard */ = {
			isa = PBXVariantGroup;
			children = (
				71F312E229118FA70032E880 /* Base */,
			);
			name = LaunchScreen.storyboard;
			sourceTree = "<group>";
		};
/* End PBXVariantGroup section */

/* Begin XCBuildConfiguration section */
		71F312E529118FA70032E880 /* Debug */ = {
			isa = XCBuildConfiguration;
			buildSettings = {
				ALWAYS_SEARCH_USER_PATHS = NO;
				CLANG_ANALYZER_NONNULL = YES;
				CLANG_ANALYZER_NUMBER_OBJECT_CONVERSION = YES_AGGRESSIVE;
				CLANG_CXX_LANGUAGE_STANDARD = "gnu++20";
				CLANG_ENABLE_MODULES = YES;
				CLANG_ENABLE_OBJC_ARC = YES;
				CLANG_ENABLE_OBJC_WEAK = YES;
				CLANG_WARN_BLOCK_CAPTURE_AUTORELEASING = YES;
				CLANG_WARN_BOOL_CONVERSION = YES;
				CLANG_WARN_COMMA = YES;
				CLANG_WARN_CONSTANT_CONVERSION = YES;
				CLANG_WARN_DEPRECATED_OBJC_IMPLEMENTATIONS = YES;
				CLANG_WARN_DIRECT_OBJC_ISA_USAGE = YES_ERROR;
				CLANG_WARN_DOCUMENTATION_COMMENTS = YES;
				CLANG_WARN_EMPTY_BODY = YES;
				CLANG_WARN_ENUM_CONVERSION = YES;
				CLANG_WARN_INFINITE_RECURSION = YES;
				CLANG_WARN_INT_CONVERSION = YES;
				CLANG_WARN_NON_LITERAL_NULL_CONVERSION = YES;
				CLANG_WARN_OBJC_IMPLICIT_RETAIN_SELF = YES;
				CLANG_WARN_OBJC_LITERAL_CONVERSION = YES;
				CLANG_WARN_OBJC_ROOT_CLASS = YES_ERROR;
				CLANG_WARN_QUOTED_INCLUDE_IN_FRAMEWORK_HEADER = YES;
				CLANG_WARN_RANGE_LOOP_ANALYSIS = YES;
				CLANG_WARN_STRICT_PROTOTYPES = YES;
				CLANG_WARN_SUSPICIOUS_MOVE = YES;
				CLANG_WARN_UNGUARDED_AVAILABILITY = YES_AGGRESSIVE;
				CLANG_WARN_UNREACHABLE_CODE = YES;
				CLANG_WARN__DUPLICATE_METHOD_MATCH = YES;
				COPY_PHASE_STRIP = NO;
				DEBUG_INFORMATION_FORMAT = dwarf;
				ENABLE_STRICT_OBJC_MSGSEND = YES;
				ENABLE_TESTABILITY = YES;
				GCC_C_LANGUAGE_STANDARD = gnu11;
				GCC_DYNAMIC_NO_PIC = NO;
				GCC_NO_COMMON_BLOCKS = YES;
				GCC_OPTIMIZATION_LEVEL = 0;
				GCC_PREPROCESSOR_DEFINITIONS = (
					"DEBUG=1",
					"$(inherited)",
				);
				GCC_WARN_64_TO_32_BIT_CONVERSION = YES;
				GCC_WARN_ABOUT_RETURN_TYPE = YES_ERROR;
				GCC_WARN_UNDECLARED_SELECTOR = YES;
				GCC_WARN_UNINITIALIZED_AUTOS = YES_AGGRESSIVE;
				GCC_WARN_UNUSED_FUNCTION = YES;
				GCC_WARN_UNUSED_VARIABLE = YES;
				IPHONEOS_DEPLOYMENT_TARGET = 14.0;
				MTL_ENABLE_DEBUG_INFO = INCLUDE_SOURCE;
				MTL_FAST_MATH = YES;
				ONLY_ACTIVE_ARCH = YES;
				SDKROOT = iphoneos;
				SWIFT_ACTIVE_COMPILATION_CONDITIONS = DEBUG;
				SWIFT_OPTIMIZATION_LEVEL = "-Onone";
			};
			name = Debug;
		};
		71F312E629118FA70032E880 /* Release */ = {
			isa = XCBuildConfiguration;
			buildSettings = {
				ALWAYS_SEARCH_USER_PATHS = NO;
				CLANG_ANALYZER_NONNULL = YES;
				CLANG_ANALYZER_NUMBER_OBJECT_CONVERSION = YES_AGGRESSIVE;
				CLANG_CXX_LANGUAGE_STANDARD = "gnu++20";
				CLANG_ENABLE_MODULES = YES;
				CLANG_ENABLE_OBJC_ARC = YES;
				CLANG_ENABLE_OBJC_WEAK = YES;
				CLANG_WARN_BLOCK_CAPTURE_AUTORELEASING = YES;
				CLANG_WARN_BOOL_CONVERSION = YES;
				CLANG_WARN_COMMA = YES;
				CLANG_WARN_CONSTANT_CONVERSION = YES;
				CLANG_WARN_DEPRECATED_OBJC_IMPLEMENTATIONS = YES;
				CLANG_WARN_DIRECT_OBJC_ISA_USAGE = YES_ERROR;
				CLANG_WARN_DOCUMENTATION_COMMENTS = YES;
				CLANG_WARN_EMPTY_BODY = YES;
				CLANG_WARN_ENUM_CONVERSION = YES;
				CLANG_WARN_INFINITE_RECURSION = YES;
				CLANG_WARN_INT_CONVERSION = YES;
				CLANG_WARN_NON_LITERAL_NULL_CONVERSION = YES;
				CLANG_WARN_OBJC_IMPLICIT_RETAIN_SELF = YES;
				CLANG_WARN_OBJC_LITERAL_CONVERSION = YES;
				CLANG_WARN_OBJC_ROOT_CLASS = YES_ERROR;
				CLANG_WARN_QUOTED_INCLUDE_IN_FRAMEWORK_HEADER = YES;
				CLANG_WARN_RANGE_LOOP_ANALYSIS = YES;
				CLANG_WARN_STRICT_PROTOTYPES = YES;
				CLANG_WARN_SUSPICIOUS_MOVE = YES;
				CLANG_WARN_UNGUARDED_AVAILABILITY = YES_AGGRESSIVE;
				CLANG_WARN_UNREACHABLE_CODE = YES;
				CLANG_WARN__DUPLICATE_METHOD_MATCH = YES;
				COPY_PHASE_STRIP = NO;
				DEBUG_INFORMATION_FORMAT = "dwarf-with-dsym";
				ENABLE_NS_ASSERTIONS = NO;
				ENABLE_STRICT_OBJC_MSGSEND = YES;
				GCC_C_LANGUAGE_STANDARD = gnu11;
				GCC_NO_COMMON_BLOCKS = YES;
				GCC_WARN_64_TO_32_BIT_CONVERSION = YES;
				GCC_WARN_ABOUT_RETURN_TYPE = YES_ERROR;
				GCC_WARN_UNDECLARED_SELECTOR = YES;
				GCC_WARN_UNINITIALIZED_AUTOS = YES_AGGRESSIVE;
				GCC_WARN_UNUSED_FUNCTION = YES;
				GCC_WARN_UNUSED_VARIABLE = YES;
				IPHONEOS_DEPLOYMENT_TARGET = 14.0;
				MTL_ENABLE_DEBUG_INFO = NO;
				MTL_FAST_MATH = YES;
				SDKROOT = iphoneos;
				SWIFT_COMPILATION_MODE = wholemodule;
				SWIFT_OPTIMIZATION_LEVEL = "-O";
				VALIDATE_PRODUCT = YES;
			};
			name = Release;
		};
		71F312E829118FA70032E880 /* Debug */ = {
			isa = XCBuildConfiguration;
			baseConfigurationReference = B5CAA68A3E506E2051CFC942 /* Pods-Doodze.debug.xcconfig */;
			buildSettings = {
				ASSETCATALOG_COMPILER_APPICON_NAME = AppIcon;
				ASSETCATALOG_COMPILER_GLOBAL_ACCENT_COLOR_NAME = AccentColor;
				CODE_SIGN_STYLE = Automatic;
				CURRENT_PROJECT_VERSION = 1;
				DEVELOPMENT_TEAM = Q4YDTP8UWA;
				GENERATE_INFOPLIST_FILE = YES;
				INFOPLIST_FILE = Doodze/Info.plist;
				INFOPLIST_KEY_UIApplicationSupportsIndirectInputEvents = YES;
				INFOPLIST_KEY_UILaunchStoryboardName = LaunchScreen;
				INFOPLIST_KEY_UIStatusBarStyle = "";
				INFOPLIST_KEY_UISupportedInterfaceOrientations_iPad = "UIInterfaceOrientationPortrait UIInterfaceOrientationPortraitUpsideDown UIInterfaceOrientationLandscapeLeft UIInterfaceOrientationLandscapeRight";
				INFOPLIST_KEY_UISupportedInterfaceOrientations_iPhone = "UIInterfaceOrientationPortrait UIInterfaceOrientationLandscapeLeft UIInterfaceOrientationLandscapeRight";
				IPHONEOS_DEPLOYMENT_TARGET = 14.0;
				LD_RUNPATH_SEARCH_PATHS = (
					"$(inherited)",
					"@executable_path/Frameworks",
				);
				MARKETING_VERSION = 1.0;
				PRODUCT_BUNDLE_IDENTIFIER = ru.BogdanBarinov.Doodze;
				PRODUCT_NAME = "$(TARGET_NAME)";
				SWIFT_EMIT_LOC_STRINGS = YES;
				SWIFT_VERSION = 5.0;
				TARGETED_DEVICE_FAMILY = "1,2";
			};
			name = Debug;
		};
		71F312E929118FA70032E880 /* Release */ = {
			isa = XCBuildConfiguration;
			baseConfigurationReference = CC8CBBD79751E20461CB50C7 /* Pods-Doodze.release.xcconfig */;
			buildSettings = {
				ASSETCATALOG_COMPILER_APPICON_NAME = AppIcon;
				ASSETCATALOG_COMPILER_GLOBAL_ACCENT_COLOR_NAME = AccentColor;
				CODE_SIGN_STYLE = Automatic;
				CURRENT_PROJECT_VERSION = 1;
				DEVELOPMENT_TEAM = Q4YDTP8UWA;
				GENERATE_INFOPLIST_FILE = YES;
				INFOPLIST_FILE = Doodze/Info.plist;
				INFOPLIST_KEY_UIApplicationSupportsIndirectInputEvents = YES;
				INFOPLIST_KEY_UILaunchStoryboardName = LaunchScreen;
				INFOPLIST_KEY_UIStatusBarStyle = "";
				INFOPLIST_KEY_UISupportedInterfaceOrientations_iPad = "UIInterfaceOrientationPortrait UIInterfaceOrientationPortraitUpsideDown UIInterfaceOrientationLandscapeLeft UIInterfaceOrientationLandscapeRight";
				INFOPLIST_KEY_UISupportedInterfaceOrientations_iPhone = "UIInterfaceOrientationPortrait UIInterfaceOrientationLandscapeLeft UIInterfaceOrientationLandscapeRight";
				IPHONEOS_DEPLOYMENT_TARGET = 14.0;
				LD_RUNPATH_SEARCH_PATHS = (
					"$(inherited)",
					"@executable_path/Frameworks",
				);
				MARKETING_VERSION = 1.0;
				PRODUCT_BUNDLE_IDENTIFIER = ru.BogdanBarinov.Doodze;
				PRODUCT_NAME = "$(TARGET_NAME)";
				SWIFT_EMIT_LOC_STRINGS = YES;
				SWIFT_VERSION = 5.0;
				TARGETED_DEVICE_FAMILY = "1,2";
			};
			name = Release;
		};
/* End XCBuildConfiguration section */

/* Begin XCConfigurationList section */
		71F312CB29118FA50032E880 /* Build configuration list for PBXProject "Doodze" */ = {
			isa = XCConfigurationList;
			buildConfigurations = (
				71F312E529118FA70032E880 /* Debug */,
				71F312E629118FA70032E880 /* Release */,
			);
			defaultConfigurationIsVisible = 0;
			defaultConfigurationName = Release;
		};
		71F312E729118FA70032E880 /* Build configuration list for PBXNativeTarget "Doodze" */ = {
			isa = XCConfigurationList;
			buildConfigurations = (
				71F312E829118FA70032E880 /* Debug */,
				71F312E929118FA70032E880 /* Release */,
			);
			defaultConfigurationIsVisible = 0;
			defaultConfigurationName = Release;
		};
/* End XCConfigurationList section */

/* Begin XCVersionGroup section */
		71128C76291B103100E0A70E /* HabitModel.xcdatamodeld */ = {
			isa = XCVersionGroup;
			children = (
				71128C77291B103100E0A70E /* CoreDataModel.xcdatamodel */,
			);
			currentVersion = 71128C77291B103100E0A70E /* CoreDataModel.xcdatamodel */;
			path = HabitModel.xcdatamodeld;
			sourceTree = "<group>";
			versionGroupType = wrapper.xcdatamodel;
		};
		71F312DC29118FA50032E880 /* Doodze.xcdatamodeld */ = {
			isa = XCVersionGroup;
			children = (
				71F312DD29118FA50032E880 /* Doodze.xcdatamodel */,
			);
			currentVersion = 71F312DD29118FA50032E880 /* Doodze.xcdatamodel */;
			path = Doodze.xcdatamodeld;
			sourceTree = "<group>";
			versionGroupType = wrapper.xcdatamodel;
		};
/* End XCVersionGroup section */
	};
	rootObject = 71F312C829118FA50032E880 /* Project object */;
}
